
Microsoft Visual Studio Solution File, Format Version 12.00
# Visual Studio Version 16
VisualStudioVersion = 16.0.28922.388
MinimumVisualStudioVersion = 10.0.40219.1
Project("{FAE04EC0-301F-11D3-BF4B-00C04F79EFBC}") = "HelloIntAndrew", "HelloIntAndrew\HelloIntAndrew.csproj", "{486D636C-65CE-47B6-A19E-B89917EFFB00}"
EndProject
Global
	GlobalSection(SolutionConfigurationPlatforms) = preSolution
		Debug|Any CPU = Debug|Any CPU
		Release|Any CPU = Release|Any CPU
	EndGlobalSection
	GlobalSection(ProjectConfigurationPlatforms) = postSolution
		{486D636C-65CE-47B6-A19E-B89917EFFB00}.Debug|Any CPU.ActiveCfg = Debug|Any CPU
		{486D636C-65CE-47B6-A19E-B89917EFFB00}.Debug|Any CPU.Build.0 = Debug|Any CPU
		{486D636C-65CE-47B6-A19E-B89917EFFB00}.Release|Any CPU.ActiveCfg = Release|Any CPU
		{486D636C-65CE-47B6-A19E-B89917EFFB00}.Release|Any CPU.Build.0 = Release|Any CPU
	EndGlobalSection
	GlobalSection(SolutionProperties) = preSolution
		HideSolutionNode = FALSE
	EndGlobalSection
	GlobalSection(ExtensibilityGlobals) = postSolution
		SolutionGuid = {8A0FCD27-402F-4796-8444-F1C1EF6D1798}
	EndGlobalSection
EndGlobal
